
Microsoft Visual Studio Solution File, Format Version 12.00
# Visual Studio Version 16
VisualStudioVersion = 16.0.30621.155
MinimumVisualStudioVersion = 10.0.40219.1
Project("{FAE04EC0-301F-11D3-BF4B-00C04F79EFBC}") = "EntertainmentX", "EntertainmentX.csproj", "{D354D565-0203-4B60-B6E5-8CE02E0F7B0A}"
EndProject
Global
	GlobalSection(SolutionConfigurationPlatforms) = preSolution
		Debug|Any CPU = Debug|Any CPU
		Release|Any CPU = Release|Any CPU
	EndGlobalSection
	GlobalSection(ProjectConfigurationPlatforms) = postSolution
		{D354D565-0203-4B60-B6E5-8CE02E0F7B0A}.Debug|Any CPU.ActiveCfg = Debug|Any CPU
		{D354D565-0203-4B60-B6E5-8CE02E0F7B0A}.Debug|Any CPU.Build.0 = Debug|Any CPU
		{D354D565-0203-4B60-B6E5-8CE02E0F7B0A}.Release|Any CPU.ActiveCfg = Release|Any CPU
		{D354D565-0203-4B60-B6E5-8CE02E0F7B0A}.Release|Any CPU.Build.0 = Release|Any CPU
	EndGlobalSection
	GlobalSection(SolutionProperties) = preSolution
		HideSolutionNode = FALSE
	EndGlobalSection
	GlobalSection(ExtensibilityGlobals) = postSolution
		SolutionGuid = {5F1414CF-73FD-40C4-8D16-3890B55954D0}
	EndGlobalSection
EndGlobal
